
Microsoft Visual Studio Solution File, Format Version 12.00
# Visual Studio Version 16
VisualStudioVersion = 16.0.28922.388
MinimumVisualStudioVersion = 10.0.40219.1
Project("{FAE04EC0-301F-11D3-BF4B-00C04F79EFBC}") = "TextureGridGenerator", "TextureGridGenerator\TextureGridGenerator.csproj", "{05EDF1E8-DA28-4CA8-8DFC-BBB0F313D57C}"
EndProject
Global
	GlobalSection(SolutionConfigurationPlatforms) = preSolution
		Debug|Any CPU = Debug|Any CPU
		Release|Any CPU = Release|Any CPU
	EndGlobalSection
	GlobalSection(ProjectConfigurationPlatforms) = postSolution
		{05EDF1E8-DA28-4CA8-8DFC-BBB0F313D57C}.Debug|Any CPU.ActiveCfg = Debug|Any CPU
		{05EDF1E8-DA28-4CA8-8DFC-BBB0F313D57C}.Debug|Any CPU.Build.0 = Debug|Any CPU
		{05EDF1E8-DA28-4CA8-8DFC-BBB0F313D57C}.Release|Any CPU.ActiveCfg = Release|Any CPU
		{05EDF1E8-DA28-4CA8-8DFC-BBB0F313D57C}.Release|Any CPU.Build.0 = Release|Any CPU
	EndGlobalSection
	GlobalSection(SolutionProperties) = preSolution
		HideSolutionNode = FALSE
	EndGlobalSection
	GlobalSection(ExtensibilityGlobals) = postSolution
		SolutionGuid = {C1D642A9-92BD-49E9-AA8A-AB0F4BFD41C7}
	EndGlobalSection
EndGlobal
